
Microsoft Visual Studio Solution File, Format Version 11.00
# Visual Studio 2010
Project("{FAE04EC0-301F-11D3-BF4B-00C04F79EFBC}") = "ListingMatcher", "ListingMatcher\ListingMatcher.csproj", "{1D0F140F-24DE-4A58-8B26-4E6C5A3A81FE}"
EndProject
Global
	GlobalSection(SolutionConfigurationPlatforms) = preSolution
		Debug|x86 = Debug|x86
		Release|x86 = Release|x86
	EndGlobalSection
	GlobalSection(ProjectConfigurationPlatforms) = postSolution
		{1D0F140F-24DE-4A58-8B26-4E6C5A3A81FE}.Debug|x86.ActiveCfg = Debug|x86
		{1D0F140F-24DE-4A58-8B26-4E6C5A3A81FE}.Debug|x86.Build.0 = Debug|x86
		{1D0F140F-24DE-4A58-8B26-4E6C5A3A81FE}.Release|x86.ActiveCfg = Release|x86
		{1D0F140F-24DE-4A58-8B26-4E6C5A3A81FE}.Release|x86.Build.0 = Release|x86
	EndGlobalSection
	GlobalSection(SolutionProperties) = preSolution
		HideSolutionNode = FALSE
	EndGlobalSection
EndGlobal
